
Microsoft Visual Studio Solution File, Format Version 12.00
# Visual Studio Version 17
VisualStudioVersion = 17.14.36121.58 d17.14
MinimumVisualStudioVersion = 10.0.40219.1
Project("{FAE04EC0-301F-11D3-BF4B-00C04F79EFBC}") = "pract12_trpo", "pract12_trpo.csproj", "{193CDB7D-ADD4-4BD1-BA64-5BD8BAF835F2}"
EndProject
Global
	GlobalSection(SolutionConfigurationPlatforms) = preSolution
		Debug|Any CPU = Debug|Any CPU
		Release|Any CPU = Release|Any CPU
	EndGlobalSection
	GlobalSection(ProjectConfigurationPlatforms) = postSolution
		{193CDB7D-ADD4-4BD1-BA64-5BD8BAF835F2}.Debug|Any CPU.ActiveCfg = Debug|Any CPU
		{193CDB7D-ADD4-4BD1-BA64-5BD8BAF835F2}.Debug|Any CPU.Build.0 = Debug|Any CPU
		{193CDB7D-ADD4-4BD1-BA64-5BD8BAF835F2}.Release|Any CPU.ActiveCfg = Release|Any CPU
		{193CDB7D-ADD4-4BD1-BA64-5BD8BAF835F2}.Release|Any CPU.Build.0 = Release|Any CPU
	EndGlobalSection
	GlobalSection(SolutionProperties) = preSolution
		HideSolutionNode = FALSE
	EndGlobalSection
	GlobalSection(ExtensibilityGlobals) = postSolution
		SolutionGuid = {AA351D07-A985-4F7B-91FB-9A362519F2AC}
	EndGlobalSection
EndGlobal
